
Microsoft Visual Studio Solution File, Format Version 12.00
# Visual Studio Version 16
VisualStudioVersion = 16.0.30523.141
MinimumVisualStudioVersion = 10.0.40219.1
Project("{FAE04EC0-301F-11D3-BF4B-00C04F79EFBC}") = "Echo", "Echo\Echo.csproj", "{12B73C5E-2C71-49C0-9EFE-AA8FB76BA970}"
EndProject
Global
	GlobalSection(SolutionConfigurationPlatforms) = preSolution
		Debug|Any CPU = Debug|Any CPU
		Release|Any CPU = Release|Any CPU
	EndGlobalSection
	GlobalSection(ProjectConfigurationPlatforms) = postSolution
		{12B73C5E-2C71-49C0-9EFE-AA8FB76BA970}.Debug|Any CPU.ActiveCfg = Debug|Any CPU
		{12B73C5E-2C71-49C0-9EFE-AA8FB76BA970}.Debug|Any CPU.Build.0 = Debug|Any CPU
		{12B73C5E-2C71-49C0-9EFE-AA8FB76BA970}.Release|Any CPU.ActiveCfg = Release|Any CPU
		{12B73C5E-2C71-49C0-9EFE-AA8FB76BA970}.Release|Any CPU.Build.0 = Release|Any CPU
	EndGlobalSection
	GlobalSection(SolutionProperties) = preSolution
		HideSolutionNode = FALSE
	EndGlobalSection
	GlobalSection(ExtensibilityGlobals) = postSolution
		SolutionGuid = {A3420D6D-7E2F-4D12-8335-3716FE7092A5}
	EndGlobalSection
EndGlobal
